
Microsoft Visual Studio Solution File, Format Version 12.00
# Visual Studio Version 16
VisualStudioVersion = 16.0.31613.86
MinimumVisualStudioVersion = 10.0.40219.1
Project("{9A19103F-16F7-4668-BE54-9A1E7A4F7556}") = "Labb 1", "Inlämning GBG\Labb 1.csproj", "{76BC71E5-57C8-41A6-BC00-7A7EE87C0A50}"
EndProject
Global
	GlobalSection(SolutionConfigurationPlatforms) = preSolution
		Debug|Any CPU = Debug|Any CPU
		Release|Any CPU = Release|Any CPU
	EndGlobalSection
	GlobalSection(ProjectConfigurationPlatforms) = postSolution
		{76BC71E5-57C8-41A6-BC00-7A7EE87C0A50}.Debug|Any CPU.ActiveCfg = Debug|Any CPU
		{76BC71E5-57C8-41A6-BC00-7A7EE87C0A50}.Debug|Any CPU.Build.0 = Debug|Any CPU
		{76BC71E5-57C8-41A6-BC00-7A7EE87C0A50}.Release|Any CPU.ActiveCfg = Release|Any CPU
		{76BC71E5-57C8-41A6-BC00-7A7EE87C0A50}.Release|Any CPU.Build.0 = Release|Any CPU
	EndGlobalSection
	GlobalSection(SolutionProperties) = preSolution
		HideSolutionNode = FALSE
	EndGlobalSection
	GlobalSection(ExtensibilityGlobals) = postSolution
		SolutionGuid = {F0BDE8AD-B4D1-4807-951D-4B8353EA7F08}
	EndGlobalSection
EndGlobal
